
Microsoft Visual Studio Solution File, Format Version 12.00
# Visual Studio Version 17
VisualStudioVersion = 17.5.33516.290
MinimumVisualStudioVersion = 10.0.40219.1
Project("{FAE04EC0-301F-11D3-BF4B-00C04F79EFBC}") = "GUI", "GUI\GUI.csproj", "{34CFED64-11C9-4E15-A2B5-C63D1F5AD7D6}"
EndProject
Project("{FAE04EC0-301F-11D3-BF4B-00C04F79EFBC}") = "BLL", "BLL\BLL.csproj", "{9D12536C-9449-4B2F-885F-03691100886F}"
EndProject
Project("{FAE04EC0-301F-11D3-BF4B-00C04F79EFBC}") = "DAL", "DAL\DAL.csproj", "{063D8646-24A1-4B4C-B865-F717171315DE}"
EndProject
Project("{FAE04EC0-301F-11D3-BF4B-00C04F79EFBC}") = "DTO", "DTO\DTO.csproj", "{F86C8797-7A1B-4970-8910-84C60B0B2C03}"
EndProject
Global
	GlobalSection(SolutionConfigurationPlatforms) = preSolution
		Debug|Any CPU = Debug|Any CPU
		Release|Any CPU = Release|Any CPU
	EndGlobalSection
	GlobalSection(ProjectConfigurationPlatforms) = postSolution
		{34CFED64-11C9-4E15-A2B5-C63D1F5AD7D6}.Debug|Any CPU.ActiveCfg = Debug|Any CPU
		{34CFED64-11C9-4E15-A2B5-C63D1F5AD7D6}.Debug|Any CPU.Build.0 = Debug|Any CPU
		{34CFED64-11C9-4E15-A2B5-C63D1F5AD7D6}.Release|Any CPU.ActiveCfg = Release|Any CPU
		{34CFED64-11C9-4E15-A2B5-C63D1F5AD7D6}.Release|Any CPU.Build.0 = Release|Any CPU
		{9D12536C-9449-4B2F-885F-03691100886F}.Debug|Any CPU.ActiveCfg = Debug|Any CPU
		{9D12536C-9449-4B2F-885F-03691100886F}.Debug|Any CPU.Build.0 = Debug|Any CPU
		{9D12536C-9449-4B2F-885F-03691100886F}.Release|Any CPU.ActiveCfg = Release|Any CPU
		{9D12536C-9449-4B2F-885F-03691100886F}.Release|Any CPU.Build.0 = Release|Any CPU
		{063D8646-24A1-4B4C-B865-F717171315DE}.Debug|Any CPU.ActiveCfg = Debug|Any CPU
		{063D8646-24A1-4B4C-B865-F717171315DE}.Debug|Any CPU.Build.0 = Debug|Any CPU
		{063D8646-24A1-4B4C-B865-F717171315DE}.Release|Any CPU.ActiveCfg = Release|Any CPU
		{063D8646-24A1-4B4C-B865-F717171315DE}.Release|Any CPU.Build.0 = Release|Any CPU
		{F86C8797-7A1B-4970-8910-84C60B0B2C03}.Debug|Any CPU.ActiveCfg = Debug|Any CPU
		{F86C8797-7A1B-4970-8910-84C60B0B2C03}.Debug|Any CPU.Build.0 = Debug|Any CPU
		{F86C8797-7A1B-4970-8910-84C60B0B2C03}.Release|Any CPU.ActiveCfg = Release|Any CPU
		{F86C8797-7A1B-4970-8910-84C60B0B2C03}.Release|Any CPU.Build.0 = Release|Any CPU
	EndGlobalSection
	GlobalSection(SolutionProperties) = preSolution
		HideSolutionNode = FALSE
	EndGlobalSection
	GlobalSection(ExtensibilityGlobals) = postSolution
		SolutionGuid = {ED2734F3-2230-4304-9D8F-010014779969}
	EndGlobalSection
EndGlobal
